
Microsoft Visual Studio Solution File, Format Version 12.00
# Visual Studio Version 16
VisualStudioVersion = 16.0.33214.272
MinimumVisualStudioVersion = 10.0.40219.1
Project("{E24C65DC-7377-472B-9ABA-BC803B73C61A}") = "WebSite_pushing_Git_Manually", "WebSite_pushing_Git_Manually\", "{A7C07E36-42FE-45FB-BF94-257A09C4F46E}"
	ProjectSection(WebsiteProperties) = preProject
		TargetFrameworkMoniker = ".NETFramework,Version%3Dv4.8"
		Debug.AspNetCompiler.VirtualPath = "/localhost_63870"
		Debug.AspNetCompiler.PhysicalPath = "WebSite_pushing_Git_Manually\"
		Debug.AspNetCompiler.TargetPath = "PrecompiledWeb\localhost_63870\"
		Debug.AspNetCompiler.Updateable = "true"
		Debug.AspNetCompiler.ForceOverwrite = "true"
		Debug.AspNetCompiler.FixedNames = "false"
		Debug.AspNetCompiler.Debug = "True"
		Release.AspNetCompiler.VirtualPath = "/localhost_63870"
		Release.AspNetCompiler.PhysicalPath = "WebSite_pushing_Git_Manually\"
		Release.AspNetCompiler.TargetPath = "PrecompiledWeb\localhost_63870\"
		Release.AspNetCompiler.Updateable = "true"
		Release.AspNetCompiler.ForceOverwrite = "true"
		Release.AspNetCompiler.FixedNames = "false"
		Release.AspNetCompiler.Debug = "False"
		VWDPort = "63870"
		DefaultWebSiteLanguage = "Visual C#"
	EndProjectSection
EndProject
Global
	GlobalSection(SolutionConfigurationPlatforms) = preSolution
		Debug|Any CPU = Debug|Any CPU
	EndGlobalSection
	GlobalSection(ProjectConfigurationPlatforms) = postSolution
		{A7C07E36-42FE-45FB-BF94-257A09C4F46E}.Debug|Any CPU.ActiveCfg = Debug|Any CPU
		{A7C07E36-42FE-45FB-BF94-257A09C4F46E}.Debug|Any CPU.Build.0 = Debug|Any CPU
	EndGlobalSection
	GlobalSection(SolutionProperties) = preSolution
		HideSolutionNode = FALSE
	EndGlobalSection
	GlobalSection(ExtensibilityGlobals) = postSolution
		SolutionGuid = {29E461F4-8476-4D9F-9E0D-0967B00A6505}
	EndGlobalSection
EndGlobal
